<?xml version="1.0" encoding="utf-8"?>
<Project ToolsVersion="4.0" xmlns="http://schemas.microsoft.com/developer/msbuild/2003">
  <ItemGroup>
    <Filter Include="Form Files">
      <UniqueIdentifier>{99349809-55BA-4b9d-BF79-8FDBB0286EB3}</UniqueIdentifier>
      <Extensions>ui</Extensions>
      <ParseFiles>false</ParseFiles>
    </Filter>
    <Filter Include="Form Files">
      <UniqueIdentifier>{99349809-55BA-4b9d-BF79-8FDBB0286EB3}</UniqueIdentifier>
      <Extensions>ui</Extensions>
      <ParseFiles>false</ParseFiles>
    </Filter>
    <Filter Include="Generated Files">
      <UniqueIdentifier>{71ED8ED8-ACB9-4CE9-BBE1-E00B30144E11}</UniqueIdentifier>
      <Extensions>cpp;c;cxx;moc;h;def;odl;idl;res;</Extensions>
    </Filter>
    <Filter Include="Generated Files">
      <UniqueIdentifier>{71ED8ED8-ACB9-4CE9-BBE1-E00B30144E11}</UniqueIdentifier>
      <Extensions>cpp;c;cxx;moc;h;def;odl;idl;res;</Extensions>
    </Filter>
    <Filter Include="Header Files">
      <UniqueIdentifier>{93995380-89BD-4b04-88EB-625FBE52EBFB}</UniqueIdentifier>
      <Extensions>h;hpp;hxx;hm;inl;inc;xsd</Extensions>
    </Filter>
    <Filter Include="Header Files">
      <UniqueIdentifier>{93995380-89BD-4b04-88EB-625FBE52EBFB}</UniqueIdentifier>
      <Extensions>h;hpp;hxx;hm;inl;inc;xsd</Extensions>
    </Filter>
    <Filter Include="Resource Files">
      <UniqueIdentifier>{D9D6E242-F8AF-46E4-B9FD-80ECBC20BA3E}</UniqueIdentifier>
      <Extensions>qrc;*</Extensions>
      <ParseFiles>false</ParseFiles>
    </Filter>
    <Filter Include="Resource Files">
      <UniqueIdentifier>{D9D6E242-F8AF-46E4-B9FD-80ECBC20BA3E}</UniqueIdentifier>
      <Extensions>qrc;*</Extensions>
      <ParseFiles>false</ParseFiles>
    </Filter>
    <Filter Include="Source Files">
      <UniqueIdentifier>{4FC737F1-C7A5-4376-A066-2A32D752A2FF}</UniqueIdentifier>
      <Extensions>cpp;c;cxx;def;odl;idl;hpj;bat;asm;asmx</Extensions>
    </Filter>
    <Filter Include="Source Files">
      <UniqueIdentifier>{4FC737F1-C7A5-4376-A066-2A32D752A2FF}</UniqueIdentifier>
      <Extensions>cpp;c;cxx;def;odl;idl;hpj;bat;asm;asmx</Extensions>
    </Filter>
    <Filter Include="Translation Files">
      <UniqueIdentifier>{639EADAA-A684-42e4-A9AD-28FC9BCB8F7C}</UniqueIdentifier>
      <Extensions>ts;xlf</Extensions>
      <ParseFiles>false</ParseFiles>
    </Filter>
    <Filter Include="Translation Files">
      <UniqueIdentifier>{639EADAA-A684-42e4-A9AD-28FC9BCB8F7C}</UniqueIdentifier>
      <Extensions>ts;xlf</Extensions>
      <ParseFiles>false</ParseFiles>
    </Filter>
    <Filter Include="Generated Files\Debug">
      <UniqueIdentifier>{182c4176-bbd0-4ed9-a8dc-602513fd1ddb}</UniqueIdentifier>
      <Extensions>cpp;moc</Extensions>
      <SourceControlFiles>False</SourceControlFiles>
    </Filter>
    <Filter Include="Generated Files\Release">
      <UniqueIdentifier>{5fd1bc7b-a389-4369-a81a-1b5c38bbc3ed}</UniqueIdentifier>
      <Extensions>cpp;moc</Extensions>
      <SourceControlFiles>False</SourceControlFiles>
    </Filter>
  </ItemGroup>
  <ItemGroup>
    <ClCompile Include="Color.cpp">
      <Filter>Source Files</Filter>
    </ClCompile>
    <ClCompile Include="Connect_thread.cpp">
      <Filter>Source Files</Filter>
    </ClCompile>
    <ClCompile Include="Connection_widget.cpp">
      <Filter>Source Files</Filter>
    </ClCompile>
    <ClCompile Include="Csv_recorder.cpp">
      <Filter>Source Files</Filter>
    </ClCompile>
    <ClCompile Include="Ethernet_connection_widget.cpp">
      <Filter>Source Files</Filter>
    </ClCompile>
    <ClCompile Include="Player_widget.cpp">
      <Filter>Source Files</Filter>
    </ClCompile>
    <ClCompile Include="Plotter_2d_widget.cpp">
      <Filter>Source Files</Filter>
    </ClCompile>
    <ClCompile Include="Preview_widget.cpp">
      <Filter>Source Files</Filter>
    </ClCompile>
    <ClCompile Include="Receive_recorder.cpp">
      <Filter>Source Files</Filter>
    </ClCompile>
    <ClCompile Include="Receive_thread.cpp">
      <Filter>Source Files</Filter>
    </ClCompile>
    <ClCompile Include="Recorder_widget.cpp">
      <Filter>Source Files</Filter>
    </ClCompile>
    <ClCompile Include="Scan_setting_widget.cpp">
      <Filter>Source Files</Filter>
    </ClCompile>
    <ClCompile Include="Serial.cpp">
      <Filter>Source Files</Filter>
    </ClCompile>
    <ClCompile Include="Serial_connection_widget.cpp">
      <Filter>Source Files</Filter>
    </ClCompile>
    <ClCompile Include="Step_value_widget.cpp">
      <Filter>Source Files</Filter>
    </ClCompile>
    <ClCompile Include="Tcpip.cpp">
      <Filter>Source Files</Filter>
    </ClCompile>
    <ClCompile Include="Urg_driver.cpp">
      <Filter>Source Files</Filter>
    </ClCompile>
    <ClCompile Include="Urg_log_reader.cpp">
      <Filter>Source Files</Filter>
    </ClCompile>
    <ClCompile Include="Urg_viewer_window.cpp">
      <Filter>Source Files</Filter>
    </ClCompile>
    <ClCompile Include="connection_utils.cpp">
      <Filter>Source Files</Filter>
    </ClCompile>
    <ClCompile Include="convert_path_codec.cpp">
      <Filter>Source Files</Filter>
    </ClCompile>
    <ClCompile Include="counter_utils.cpp">
      <Filter>Source Files</Filter>
    </ClCompile>
    <ClCompile Include="handle_ethernet_setting.cpp">
      <Filter>Source Files</Filter>
    </ClCompile>
    <ClCompile Include="main.cpp">
      <Filter>Source Files</Filter>
    </ClCompile>
    <ClCompile Include="plugin.cpp">
      <Filter>Source Files</Filter>
    </ClCompile>
    <ClCompile Include="product_utils.cpp">
      <Filter>Source Files</Filter>
    </ClCompile>
    <ClCompile Include="Debug\moc_Connect_thread.cpp">
      <Filter>Generated Files\Debug</Filter>
    </ClCompile>
    <ClCompile Include="Release\moc_Connect_thread.cpp">
      <Filter>Generated Files\Release</Filter>
    </ClCompile>
    <ClCompile Include="Debug\moc_Connection_widget.cpp">
      <Filter>Generated Files\Debug</Filter>
    </ClCompile>
    <ClCompile Include="Release\moc_Connection_widget.cpp">
      <Filter>Generated Files\Release</Filter>
    </ClCompile>
    <ClCompile Include="Debug\moc_Ethernet_connection_widget.cpp">
      <Filter>Generated Files\Debug</Filter>
    </ClCompile>
    <ClCompile Include="Release\moc_Ethernet_connection_widget.cpp">
      <Filter>Generated Files\Release</Filter>
    </ClCompile>
    <ClCompile Include="Debug\moc_Player_widget.cpp">
      <Filter>Generated Files\Debug</Filter>
    </ClCompile>
    <ClCompile Include="Release\moc_Player_widget.cpp">
      <Filter>Generated Files\Release</Filter>
    </ClCompile>
    <ClCompile Include="Debug\moc_Plotter_2d_widget.cpp">
      <Filter>Generated Files\Debug</Filter>
    </ClCompile>
    <ClCompile Include="Release\moc_Plotter_2d_widget.cpp">
      <Filter>Generated Files\Release</Filter>
    </ClCompile>
    <ClCompile Include="Debug\moc_Preview_widget.cpp">
      <Filter>Generated Files\Debug</Filter>
    </ClCompile>
    <ClCompile Include="Release\moc_Preview_widget.cpp">
      <Filter>Generated Files\Release</Filter>
    </ClCompile>
    <ClCompile Include="Debug\moc_Receive_thread.cpp">
      <Filter>Generated Files\Debug</Filter>
    </ClCompile>
    <ClCompile Include="Release\moc_Receive_thread.cpp">
      <Filter>Generated Files\Release</Filter>
    </ClCompile>
    <ClCompile Include="Debug\moc_Recorder_widget.cpp">
      <Filter>Generated Files\Debug</Filter>
    </ClCompile>
    <ClCompile Include="Release\moc_Recorder_widget.cpp">
      <Filter>Generated Files\Release</Filter>
    </ClCompile>
    <ClCompile Include="Debug\moc_Scan_setting_widget.cpp">
      <Filter>Generated Files\Debug</Filter>
    </ClCompile>
    <ClCompile Include="Release\moc_Scan_setting_widget.cpp">
      <Filter>Generated Files\Release</Filter>
    </ClCompile>
    <ClCompile Include="Debug\moc_Serial_connection_widget.cpp">
      <Filter>Generated Files\Debug</Filter>
    </ClCompile>
    <ClCompile Include="Release\moc_Serial_connection_widget.cpp">
      <Filter>Generated Files\Release</Filter>
    </ClCompile>
    <ClCompile Include="Debug\moc_Step_value_widget.cpp">
      <Filter>Generated Files\Debug</Filter>
    </ClCompile>
    <ClCompile Include="Release\moc_Step_value_widget.cpp">
      <Filter>Generated Files\Release</Filter>
    </ClCompile>
    <ClCompile Include="Debug\moc_Urg_viewer_window.cpp">
      <Filter>Generated Files\Debug</Filter>
    </ClCompile>
    <ClCompile Include="Release\moc_Urg_viewer_window.cpp">
      <Filter>Generated Files\Release</Filter>
    </ClCompile>
    <ClCompile Include="GeneratedFiles\qrc_Urg_viewer.cpp">
      <Filter>Generated Files</Filter>
    </ClCompile>
  </ItemGroup>
  <ItemGroup>
    <CustomBuild Include="Connect_thread.h">
      <Filter>Header Files</Filter>
    </CustomBuild>
    <CustomBuild Include="Connection_widget.h">
      <Filter>Header Files</Filter>
    </CustomBuild>
    <CustomBuild Include="Ethernet_connection_widget.h">
      <Filter>Header Files</Filter>
    </CustomBuild>
    <CustomBuild Include="Player_widget.h">
      <Filter>Header Files</Filter>
    </CustomBuild>
    <CustomBuild Include="Plotter_2d_widget.h">
      <Filter>Header Files</Filter>
    </CustomBuild>
    <CustomBuild Include="Preview_widget.h">
      <Filter>Header Files</Filter>
    </CustomBuild>
    <CustomBuild Include="Receive_thread.h">
      <Filter>Header Files</Filter>
    </CustomBuild>
    <CustomBuild Include="Recorder_widget.h">
      <Filter>Header Files</Filter>
    </CustomBuild>
    <CustomBuild Include="Scan_setting_widget.h">
      <Filter>Header Files</Filter>
    </CustomBuild>
    <CustomBuild Include="Serial_connection_widget.h">
      <Filter>Header Files</Filter>
    </CustomBuild>
    <CustomBuild Include="Step_value_widget.h">
      <Filter>Header Files</Filter>
    </CustomBuild>
    <CustomBuild Include="Urg_viewer_window.h">
      <Filter>Header Files</Filter>
    </CustomBuild>
  </ItemGroup>
  <ItemGroup>
    <None Include="Urg_viewer_ja.ts">
      <Filter>Translation Files</Filter>
    </None>
  </ItemGroup>
  <ItemGroup>
    <CustomBuild Include="Ethernet_connection_widget_form.ui">
      <Filter>Form Files</Filter>
    </CustomBuild>
    <CustomBuild Include="Player_widget_form.ui">
      <Filter>Form Files</Filter>
    </CustomBuild>
    <CustomBuild Include="Recorder_widget_form.ui">
      <Filter>Form Files</Filter>
    </CustomBuild>
    <CustomBuild Include="Scan_setting_widget_form.ui">
      <Filter>Form Files</Filter>
    </CustomBuild>
    <CustomBuild Include="Serial_connection_widget_form.ui">
      <Filter>Form Files</Filter>
    </CustomBuild>
    <CustomBuild Include="Step_value_widget_form.ui">
      <Filter>Form Files</Filter>
    </CustomBuild>
    <CustomBuild Include="Urg_viewer_window_form.ui">
      <Filter>Form Files</Filter>
    </CustomBuild>
  </ItemGroup>
  <ItemGroup>
    <CustomBuild Include="Urg_viewer.qrc">
      <Filter>Resource Files</Filter>
    </CustomBuild>
    <None Include="folder_icon.png">
      <Filter>Resource Files</Filter>
    </None>
    <None Include="pause_icon.png">
      <Filter>Resource Files</Filter>
    </None>
    <None Include="play_icon.png">
      <Filter>Resource Files</Filter>
    </None>
    <None Include="record_icon.png">
      <Filter>Resource Files</Filter>
    </None>
    <None Include="rescan_icon.png">
      <Filter>Resource Files</Filter>
    </None>
    <None Include="stop_icon.png">
      <Filter>Resource Files</Filter>
    </None>
    <None Include="zoom_in_icon.png">
      <Filter>Resource Files</Filter>
    </None>
    <None Include="zoom_out_icon.png">
      <Filter>Resource Files</Filter>
    </None>
  </ItemGroup>
  <ItemGroup>
    <ResourceCompile Include="Urg_viewer.rc" />
  </ItemGroup>
  <ItemGroup>
    <ClInclude Include="GeneratedFiles\ui_Ethernet_connection_widget_form.h">
      <Filter>Generated Files</Filter>
    </ClInclude>
    <ClInclude Include="GeneratedFiles\ui_Player_widget_form.h">
      <Filter>Generated Files</Filter>
    </ClInclude>
    <ClInclude Include="GeneratedFiles\ui_Recorder_widget_form.h">
      <Filter>Generated Files</Filter>
    </ClInclude>
    <ClInclude Include="GeneratedFiles\ui_Scan_setting_widget_form.h">
      <Filter>Generated Files</Filter>
    </ClInclude>
    <ClInclude Include="GeneratedFiles\ui_Serial_connection_widget_form.h">
      <Filter>Generated Files</Filter>
    </ClInclude>
    <ClInclude Include="GeneratedFiles\ui_Step_value_widget_form.h">
      <Filter>Generated Files</Filter>
    </ClInclude>
    <ClInclude Include="GeneratedFiles\ui_Urg_viewer_window_form.h">
      <Filter>Generated Files</Filter>
    </ClInclude>
  </ItemGroup>
</Project>